
Microsoft Visual Studio Solution File, Format Version 12.00
# Visual Studio 15
VisualStudioVersion = 15.0.28307.539
MinimumVisualStudioVersion = 10.0.40219.1
Project("{9A19103F-16F7-4668-BE54-9A1E7A4F7556}") = "TheCoreArchitecture.Data", "TheCoreArchitecture.Data\TheCoreArchitecture.Data.csproj", "{DBCE61B2-64DC-42E6-BB7F-445F16F1F5EB}"
EndProject
Project("{FAE04EC0-301F-11D3-BF4B-00C04F79EFBC}") = "TheCoreArchitecture.Api", "TheCoreArchitecture.Api\TheCoreArchitecture.Api.csproj", "{32640FFC-E685-47AA-B291-07DEA41B8AEE}"
EndProject
Project("{FAE04EC0-301F-11D3-BF4B-00C04F79EFBC}") = "TheCoreArchitecture.Common", "TheCoreArchitecture.Common\TheCoreArchitecture.Common.csproj", "{2710ACDD-D629-4EE6-AF0C-A217E004714A}"
EndProject
Project("{FAE04EC0-301F-11D3-BF4B-00C04F79EFBC}") = "TheCoreArchitecture.Domain", "TheCoreArchitecture.Domain\TheCoreArchitecture.Domain.csproj", "{B5A8EEAE-3E97-4BF6-BB2D-95D020320C51}"
EndProject
Project("{FAE04EC0-301F-11D3-BF4B-00C04F79EFBC}") = "TheCoreArchitecture.Service", "TheCoreArchitecture.Service\TheCoreArchitecture.Service.csproj", "{5C1179B4-11DC-49CE-9242-FF2211D01AC7}"
EndProject
Global
	GlobalSection(SolutionConfigurationPlatforms) = preSolution
		Debug|Any CPU = Debug|Any CPU
		Release|Any CPU = Release|Any CPU
	EndGlobalSection
	GlobalSection(ProjectConfigurationPlatforms) = postSolution
		{DBCE61B2-64DC-42E6-BB7F-445F16F1F5EB}.Debug|Any CPU.ActiveCfg = Debug|Any CPU
		{DBCE61B2-64DC-42E6-BB7F-445F16F1F5EB}.Debug|Any CPU.Build.0 = Debug|Any CPU
		{DBCE61B2-64DC-42E6-BB7F-445F16F1F5EB}.Release|Any CPU.ActiveCfg = Release|Any CPU
		{DBCE61B2-64DC-42E6-BB7F-445F16F1F5EB}.Release|Any CPU.Build.0 = Release|Any CPU
		{32640FFC-E685-47AA-B291-07DEA41B8AEE}.Debug|Any CPU.ActiveCfg = Debug|Any CPU
		{32640FFC-E685-47AA-B291-07DEA41B8AEE}.Debug|Any CPU.Build.0 = Debug|Any CPU
		{32640FFC-E685-47AA-B291-07DEA41B8AEE}.Release|Any CPU.ActiveCfg = Release|Any CPU
		{32640FFC-E685-47AA-B291-07DEA41B8AEE}.Release|Any CPU.Build.0 = Release|Any CPU
		{2710ACDD-D629-4EE6-AF0C-A217E004714A}.Debug|Any CPU.ActiveCfg = Debug|Any CPU
		{2710ACDD-D629-4EE6-AF0C-A217E004714A}.Debug|Any CPU.Build.0 = Debug|Any CPU
		{2710ACDD-D629-4EE6-AF0C-A217E004714A}.Release|Any CPU.ActiveCfg = Release|Any CPU
		{2710ACDD-D629-4EE6-AF0C-A217E004714A}.Release|Any CPU.Build.0 = Release|Any CPU
		{B5A8EEAE-3E97-4BF6-BB2D-95D020320C51}.Debug|Any CPU.ActiveCfg = Debug|Any CPU
		{B5A8EEAE-3E97-4BF6-BB2D-95D020320C51}.Debug|Any CPU.Build.0 = Debug|Any CPU
		{B5A8EEAE-3E97-4BF6-BB2D-95D020320C51}.Release|Any CPU.ActiveCfg = Release|Any CPU
		{B5A8EEAE-3E97-4BF6-BB2D-95D020320C51}.Release|Any CPU.Build.0 = Release|Any CPU
		{5C1179B4-11DC-49CE-9242-FF2211D01AC7}.Debug|Any CPU.ActiveCfg = Debug|Any CPU
		{5C1179B4-11DC-49CE-9242-FF2211D01AC7}.Debug|Any CPU.Build.0 = Debug|Any CPU
		{5C1179B4-11DC-49CE-9242-FF2211D01AC7}.Release|Any CPU.ActiveCfg = Release|Any CPU
		{5C1179B4-11DC-49CE-9242-FF2211D01AC7}.Release|Any CPU.Build.0 = Release|Any CPU
	EndGlobalSection
	GlobalSection(SolutionProperties) = preSolution
		HideSolutionNode = FALSE
	EndGlobalSection
	GlobalSection(ExtensibilityGlobals) = postSolution
		SolutionGuid = {78CAE86E-1BB6-4BAD-8674-B59778B7B6FC}
	EndGlobalSection
EndGlobal
